
Microsoft Visual Studio Solution File, Format Version 12.00
# Visual Studio 14
VisualStudioVersion = 14.0.25123.0
MinimumVisualStudioVersion = 10.0.40219.1
Project("{FAE04EC0-301F-11D3-BF4B-00C04F79EFBC}") = "FiniteStateMachine", "FiniteStateMachine\FiniteStateMachine.csproj", "{16D76CF6-D078-468A-AB7D-0288CA67DA0A}"
EndProject
Project("{FAE04EC0-301F-11D3-BF4B-00C04F79EFBC}") = "FiniteStateMachine.Tests", "FiniteStateMachine.Tests\FiniteStateMachine.Tests.csproj", "{4FC46EB6-7A80-4B05-96FB-C7FFBCF84E46}"
EndProject
Global
	GlobalSection(SolutionConfigurationPlatforms) = preSolution
		Debug|Any CPU = Debug|Any CPU
		Release|Any CPU = Release|Any CPU
	EndGlobalSection
	GlobalSection(ProjectConfigurationPlatforms) = postSolution
		{16D76CF6-D078-468A-AB7D-0288CA67DA0A}.Debug|Any CPU.ActiveCfg = Debug|Any CPU
		{16D76CF6-D078-468A-AB7D-0288CA67DA0A}.Debug|Any CPU.Build.0 = Debug|Any CPU
		{16D76CF6-D078-468A-AB7D-0288CA67DA0A}.Release|Any CPU.ActiveCfg = Release|Any CPU
		{16D76CF6-D078-468A-AB7D-0288CA67DA0A}.Release|Any CPU.Build.0 = Release|Any CPU
		{4FC46EB6-7A80-4B05-96FB-C7FFBCF84E46}.Debug|Any CPU.ActiveCfg = Debug|Any CPU
		{4FC46EB6-7A80-4B05-96FB-C7FFBCF84E46}.Debug|Any CPU.Build.0 = Debug|Any CPU
		{4FC46EB6-7A80-4B05-96FB-C7FFBCF84E46}.Release|Any CPU.ActiveCfg = Release|Any CPU
		{4FC46EB6-7A80-4B05-96FB-C7FFBCF84E46}.Release|Any CPU.Build.0 = Release|Any CPU
	EndGlobalSection
	GlobalSection(SolutionProperties) = preSolution
		HideSolutionNode = FALSE
	EndGlobalSection
EndGlobal
